
Microsoft Visual Studio Solution File, Format Version 12.00
# Visual Studio Version 17
VisualStudioVersion = 17.5.002.0
MinimumVisualStudioVersion = 10.0.40219.1
Project("{9A19103F-16F7-4668-BE54-9A1E7A4F7556}") = "GlobalUtility.Manager", "GlobalUtility.Manager.csproj", "{813A6295-B4F5-4320-8118-046F4A06B86A}"
EndProject
Global
	GlobalSection(SolutionConfigurationPlatforms) = preSolution
		Debug|Any CPU = Debug|Any CPU
		Release|Any CPU = Release|Any CPU
	EndGlobalSection
	GlobalSection(ProjectConfigurationPlatforms) = postSolution
		{813A6295-B4F5-4320-8118-046F4A06B86A}.Debug|Any CPU.ActiveCfg = Debug|Any CPU
		{813A6295-B4F5-4320-8118-046F4A06B86A}.Debug|Any CPU.Build.0 = Debug|Any CPU
		{813A6295-B4F5-4320-8118-046F4A06B86A}.Release|Any CPU.ActiveCfg = Release|Any CPU
		{813A6295-B4F5-4320-8118-046F4A06B86A}.Release|Any CPU.Build.0 = Release|Any CPU
	EndGlobalSection
	GlobalSection(SolutionProperties) = preSolution
		HideSolutionNode = FALSE
	EndGlobalSection
	GlobalSection(ExtensibilityGlobals) = postSolution
		SolutionGuid = {F9185895-2C93-40AC-9C95-3D62B30BFE77}
	EndGlobalSection
EndGlobal
