
Microsoft Visual Studio Solution File, Format Version 12.00
# Visual Studio Version 17
VisualStudioVersion = 17.0.31903.59
MinimumVisualStudioVersion = 10.0.40219.1
Project("{FAE04EC0-301F-11D3-BF4B-00C04F79EFBC}") = "GlobalUtility.Kafka", "GlobalUtility.Kafka\GlobalUtility.Kafka.csproj", "{840E5181-E7ED-4DAF-97EA-3DBC1A1BFA75}"
EndProject
Project("{FAE04EC0-301F-11D3-BF4B-00C04F79EFBC}") = "GlobalUtility.Manager", "GlobalUtility.Manager\GlobalUtility.Manager.csproj", "{B6F4BB91-7AAD-41E8-871C-141EFDE61071}"
EndProject
Global
	GlobalSection(SolutionConfigurationPlatforms) = preSolution
		Debug|Any CPU = Debug|Any CPU
		Release|Any CPU = Release|Any CPU
	EndGlobalSection
	GlobalSection(SolutionProperties) = preSolution
		HideSolutionNode = FALSE
	EndGlobalSection
	GlobalSection(ProjectConfigurationPlatforms) = postSolution
		{840E5181-E7ED-4DAF-97EA-3DBC1A1BFA75}.Debug|Any CPU.ActiveCfg = Debug|Any CPU
		{840E5181-E7ED-4DAF-97EA-3DBC1A1BFA75}.Debug|Any CPU.Build.0 = Debug|Any CPU
		{840E5181-E7ED-4DAF-97EA-3DBC1A1BFA75}.Release|Any CPU.ActiveCfg = Release|Any CPU
		{840E5181-E7ED-4DAF-97EA-3DBC1A1BFA75}.Release|Any CPU.Build.0 = Release|Any CPU
		{B6F4BB91-7AAD-41E8-871C-141EFDE61071}.Debug|Any CPU.ActiveCfg = Debug|Any CPU
		{B6F4BB91-7AAD-41E8-871C-141EFDE61071}.Debug|Any CPU.Build.0 = Debug|Any CPU
		{B6F4BB91-7AAD-41E8-871C-141EFDE61071}.Release|Any CPU.ActiveCfg = Release|Any CPU
		{B6F4BB91-7AAD-41E8-871C-141EFDE61071}.Release|Any CPU.Build.0 = Release|Any CPU
	EndGlobalSection
EndGlobal
